
Microsoft Visual Studio Solution File, Format Version 12.00
# Visual Studio Version 17
VisualStudioVersion = 17.8.34511.84
MinimumVisualStudioVersion = 10.0.40219.1
Project("{FAE04EC0-301F-11D3-BF4B-00C04F79EFBC}") = "WebApplication1", "WebApplication1\WebApplication1.csproj", "{C8D38A23-B8CA-4204-8272-4C930B8490C0}"
EndProject
Global
	GlobalSection(SolutionConfigurationPlatforms) = preSolution
		Debug|Any CPU = Debug|Any CPU
		Release|Any CPU = Release|Any CPU
	EndGlobalSection
	GlobalSection(ProjectConfigurationPlatforms) = postSolution
		{C8D38A23-B8CA-4204-8272-4C930B8490C0}.Debug|Any CPU.ActiveCfg = Debug|Any CPU
		{C8D38A23-B8CA-4204-8272-4C930B8490C0}.Debug|Any CPU.Build.0 = Debug|Any CPU
		{C8D38A23-B8CA-4204-8272-4C930B8490C0}.Release|Any CPU.ActiveCfg = Release|Any CPU
		{C8D38A23-B8CA-4204-8272-4C930B8490C0}.Release|Any CPU.Build.0 = Release|Any CPU
	EndGlobalSection
	GlobalSection(SolutionProperties) = preSolution
		HideSolutionNode = FALSE
	EndGlobalSection
	GlobalSection(ExtensibilityGlobals) = postSolution
		SolutionGuid = {F4581119-E875-4881-AD14-7B23C7EA8E9B}
	EndGlobalSection
EndGlobal
