
Microsoft Visual Studio Solution File, Format Version 12.00
# Visual Studio Version 17
VisualStudioVersion = 17.8.34511.84
MinimumVisualStudioVersion = 10.0.40219.1
Project("{FAE04EC0-301F-11D3-BF4B-00C04F79EFBC}") = "WebApplication2", "WebApplication2\WebApplication2.csproj", "{C7933AF5-C8DA-4E9C-BFA4-F681F7147AF9}"
EndProject
Global
	GlobalSection(SolutionConfigurationPlatforms) = preSolution
		Debug|Any CPU = Debug|Any CPU
		Release|Any CPU = Release|Any CPU
	EndGlobalSection
	GlobalSection(ProjectConfigurationPlatforms) = postSolution
		{C7933AF5-C8DA-4E9C-BFA4-F681F7147AF9}.Debug|Any CPU.ActiveCfg = Debug|Any CPU
		{C7933AF5-C8DA-4E9C-BFA4-F681F7147AF9}.Debug|Any CPU.Build.0 = Debug|Any CPU
		{C7933AF5-C8DA-4E9C-BFA4-F681F7147AF9}.Release|Any CPU.ActiveCfg = Release|Any CPU
		{C7933AF5-C8DA-4E9C-BFA4-F681F7147AF9}.Release|Any CPU.Build.0 = Release|Any CPU
	EndGlobalSection
	GlobalSection(SolutionProperties) = preSolution
		HideSolutionNode = FALSE
	EndGlobalSection
	GlobalSection(ExtensibilityGlobals) = postSolution
		SolutionGuid = {5F8FEF6D-1234-4CFE-A61C-4201ED72AD47}
	EndGlobalSection
EndGlobal
